# Generated by vibecomfy nodes lock.

[nodepacks.ComfyUI-DepthAnythingV2]
name = "ComfyUI-DepthAnythingV2"
slug = "ComfyUI-DepthAnythingV2"
source = "git"
version = "unknown"
commit = "553187872eeb1d52e50dc53209fa57e569609a72"
git_commit_sha = "553187872eeb1d52e50dc53209fa57e569609a72"
url = "https://github.com/kijai/ComfyUI-DepthAnythingV2.git"
schema_hash = "f4e181ab42ca179eda161acba5121e999cb54b1dbee0dc087a22bd42af7241ae"
class_schema_sha256 = "f4e181ab42ca179eda161acba5121e999cb54b1dbee0dc087a22bd42af7241ae"
last_seen_at = "2026-05-20T09:08:36.504684+00:00"
class_set = ["DepthAnything_V2", "DownloadAndLoadDepthAnythingV2Model", "LoadVideoDepthAnythingModel", "VideoDepthAnythingOutput", "VideoDepthAnythingProcess"]
pip_packages = ["opencv-python-headless", "transformers"]

[nodepacks.ComfyUI-GGUF]
name = "ComfyUI-GGUF"
slug = "ComfyUI-GGUF"
source = "git"
version = "unknown"
commit = "6ea2651e7df66d7585f6ffee804b20e92fb38b8a"
git_commit_sha = "6ea2651e7df66d7585f6ffee804b20e92fb38b8a"
url = "https://github.com/city96/ComfyUI-GGUF.git"
schema_hash = "1336fad984841444a9559b602c34ef11d1dd4b68a9a902437aaee6771ab5d2d3"
class_schema_sha256 = "1336fad984841444a9559b602c34ef11d1dd4b68a9a902437aaee6771ab5d2d3"
last_seen_at = "2026-05-20T09:08:36.504684+00:00"
class_set = ["DualCLIPLoaderGGUF", "UnetLoaderGGUF"]
pip_packages = ["gguf"]

[nodepacks.ComfyUI-KJNodes]
name = "ComfyUI-KJNodes"
slug = "ComfyUI-KJNodes"
source = "git"
version = "unknown"
commit = "b7646ad70a7daa7aeb919ca542274758d26ba2df"
git_commit_sha = "b7646ad70a7daa7aeb919ca542274758d26ba2df"
url = "https://github.com/kijai/ComfyUI-KJNodes.git"
schema_hash = "1beaf129c8fa26175d89a28f9ca10d08b5ac27c8fc9bff920263fcbba17cb691"
class_schema_sha256 = "1beaf129c8fa26175d89a28f9ca10d08b5ac27c8fc9bff920263fcbba17cb691"
last_seen_at = "2026-05-20T09:08:36.504684+00:00"
class_set = ["BlockifyMask", "DrawMaskOnImage", "GetImageRangeFromBatch", "GetImageSize", "GetImageSizeAndCount", "INTConstant", "ImageResizeKJv2", "LTXVAddGuide", "PathchSageAttentionKJ", "PointsEditor", "PreviewAnimation", "ResizeImagesByLongerEdge", "SimpleCalculatorKJ", "VAELoaderKJ"]
pip_packages = ["matplotlib"]

[nodepacks.ComfyUI-LTXVideo]
name = "ComfyUI-LTXVideo"
slug = "ComfyUI-LTXVideo"
source = "git"
version = "unknown"
commit = "229437c6b65796d6a7a63ae34be2bd5ba31fa543"
git_commit_sha = "229437c6b65796d6a7a63ae34be2bd5ba31fa543"
url = "https://github.com/Lightricks/ComfyUI-LTXVideo.git"
schema_hash = "82e0b1f31509a969cf441c45e2517d0cd93f31b5390cc16f4a0ffa244421f39e"
class_schema_sha256 = "82e0b1f31509a969cf441c45e2517d0cd93f31b5390cc16f4a0ffa244421f39e"
last_seen_at = "2026-05-20T09:08:36.504684+00:00"
class_set = ["EmptyLTXVLatentVideo", "LTX2AttentionTunerPatch", "LTX2_NAG", "LTXAVTextEncoderLoader", "LTXVAudioVAEDecode", "LTXVAudioVAELoader", "LTXVChunkFeedForward", "LTXVConcatAVLatent", "LTXVConditioning", "LTXVCropGuides", "LTXVEmptyLatentAudio", "LTXVImgToVideo", "LTXVImgToVideoInplaceKJ", "LTXVPreprocess", "LTXVScheduler", "LTXVSeparateAVLatent", "LatentUpscaleModelLoader"]

[nodepacks.ComfyUI-Qwen3-TTS]
name = "ComfyUI-Qwen3-TTS"
slug = "ComfyUI-Qwen3-TTS"
source = "git"
version = "unknown"
commit = "17c22adb80a63c1c51bf74549e71a5cf218f4e1b"
git_commit_sha = "17c22adb80a63c1c51bf74549e71a5cf218f4e1b"
url = "https://github.com/DarioFT/ComfyUI-Qwen3-TTS.git"
schema_hash = "e1e936d1fb13d4c87f7d49c935b7d9a0c1d5860306c5a5b4233c125d769a0be0"
class_schema_sha256 = "e1e936d1fb13d4c87f7d49c935b7d9a0c1d5860306c5a5b4233c125d769a0be0"
last_seen_at = "2026-05-20T09:08:36.504684+00:00"
class_set = ["Qwen3AudioCompare", "Qwen3CustomVoice", "Qwen3DataPrep", "Qwen3DatasetFromFolder", "Qwen3FineTune", "Qwen3LoadPrompt", "Qwen3Loader", "Qwen3PromptMaker", "Qwen3SavePrompt", "Qwen3VoiceClone", "Qwen3VoiceDesign"]
pip_packages = ["accelerate", "librosa", "modelscope", "qwen-tts", "soundfile"]

[nodepacks.ComfyUI-QwenTTS]
name = "ComfyUI-QwenTTS"
slug = "ComfyUI-QwenTTS"
source = "git"
version = "unknown"
commit = "d8122a8ba835b65fd65c113d2b273b1ad1579293"
git_commit_sha = "d8122a8ba835b65fd65c113d2b273b1ad1579293"
url = "https://github.com/1038lab/ComfyUI-QwenTTS.git"
schema_hash = "4137bb4f37ea178be0e794377829905d9ede1bc65496a23a51d766a3f03b2c84"
class_schema_sha256 = "4137bb4f37ea178be0e794377829905d9ede1bc65496a23a51d766a3f03b2c84"
last_seen_at = "2026-05-20T09:08:36.504684+00:00"
class_set = ["AILab_Qwen3TTSCustomVoice", "AILab_Qwen3TTSCustomVoice_Advanced", "AILab_Qwen3TTSLoadVoice", "AILab_Qwen3TTSVoiceClone", "AILab_Qwen3TTSVoiceClone_Advanced", "AILab_Qwen3TTSVoiceDesign", "AILab_Qwen3TTSVoiceDesign_Advanced", "AILab_Qwen3TTSVoiceInstruct", "AILab_Qwen3TTSVoiceInstructZH", "AILab_Qwen3TTSVoicesLibrary", "AILab_Qwen3TTSWhisperSTT"]
pip_packages = ["accelerate", "librosa", "openai-whisper", "qwen-tts", "soundfile", "tiktoken"]

[nodepacks.ComfyUI-VideoHelperSuite]
name = "ComfyUI-VideoHelperSuite"
slug = "ComfyUI-VideoHelperSuite"
source = "git"
version = "unknown"
commit = "4ee72c065db22c9d96c2427954dc69e7b908444b"
git_commit_sha = "4ee72c065db22c9d96c2427954dc69e7b908444b"
url = "https://github.com/Kosinkadink/ComfyUI-VideoHelperSuite.git"
schema_hash = "8391e679554eecd5d324a3e34a713ff240e619e3a07476587845ba18c9fae310"
class_schema_sha256 = "8391e679554eecd5d324a3e34a713ff240e619e3a07476587845ba18c9fae310"
last_seen_at = "2026-05-20T09:08:36.504684+00:00"
class_set = ["VHS_LoadVideo", "VHS_VideoCombine"]

[nodepacks.ComfyUI-WanAnimatePreprocess]
name = "ComfyUI-WanAnimatePreprocess"
slug = "ComfyUI-WanAnimatePreprocess"
source = "git"
version = "unknown"
commit = "1a35b81a418bbba093356ad19b19bf2a76a24f4e"
git_commit_sha = "1a35b81a418bbba093356ad19b19bf2a76a24f4e"
url = "https://github.com/kijai/ComfyUI-WanAnimatePreprocess.git"
schema_hash = "2037d30d5343a44a9403c928ea18688bb050b9114fc2d3741df2c6b64edaf7f5"
class_schema_sha256 = "2037d30d5343a44a9403c928ea18688bb050b9114fc2d3741df2c6b64edaf7f5"
last_seen_at = "2026-05-20T09:08:36.504684+00:00"
class_set = ["DrawViTPose", "OnnxDetectionModelLoader", "PoseAndFaceDetection", "PoseDetectionOneToAllAnimation", "PoseRetargetPromptHelper"]
pip_packages = ["onnx", "onnxruntime-gpu", "opencv-python-headless"]

[nodepacks.ComfyUI-WanVideoWrapper]
name = "ComfyUI-WanVideoWrapper"
slug = "ComfyUI-WanVideoWrapper"
source = "git"
commit = "df8f3e49daaad117cf3090cc916c83f3d001494c"
git_commit_sha = "df8f3e49daaad117cf3090cc916c83f3d001494c"
url = "https://github.com/kijai/ComfyUI-WanVideoWrapper.git"
schema_hash = "80187858cc6ec371c9860fd9ca5fcf5174324d75782046657e252492512d115f"
class_schema_sha256 = "80187858cc6ec371c9860fd9ca5fcf5174324d75782046657e252492512d115f"
class_set = ["CreateCFGScheduleFloatList", "LoadWanVideoT5TextEncoder", "WanVideoBlockSwap", "WanVideoControlEmbeds", "WanVideoDecode", "WanVideoEasyCache", "WanVideoEmptyEmbeds", "WanVideoEncode", "WanVideoExperimentalArgs", "WanVideoImageToVideoEncode", "WanVideoLoraSelect", "WanVideoLoraSelectMulti", "WanVideoModelLoader", "WanVideoSLG", "WanVideoSampler", "WanVideoSetBlockSwap", "WanVideoSetLoRAs", "WanVideoTextEmbedBridge", "WanVideoTextEncode", "WanVideoTextEncodeCached", "WanVideoTorchCompileSettings", "WanVideoVACEEncode", "WanVideoVACEModelSelect", "WanVideoVACEStartToEndFrame", "WanVideoVAELoader"]
pip_packages = ["onnx", "opencv-python-headless"]

[nodepacks.ComfyUI-segment-anything-2]
name = "ComfyUI-segment-anything-2"
slug = "ComfyUI-segment-anything-2"
source = "git"
version = "unknown"
commit = "0c35fff5f382803e2310103357b5e985f5437f32"
git_commit_sha = "0c35fff5f382803e2310103357b5e985f5437f32"
url = "https://github.com/kijai/ComfyUI-segment-anything-2.git"
schema_hash = "e3640990ce145928d9404234721b4f23fd02717c7f07af03b3d0be0f8a150e9c"
class_schema_sha256 = "e3640990ce145928d9404234721b4f23fd02717c7f07af03b3d0be0f8a150e9c"
last_seen_at = "2026-05-20T09:08:36.504684+00:00"
class_set = ["DownloadAndLoadSAM2Model", "Florence2toCoordinates", "Sam2AutoSegmentation", "Sam2Segmentation", "Sam2VideoSegmentation", "Sam2VideoSegmentationAddPoints"]
pip_packages = ["opencv-python-headless"]

[nodepacks.ExamplePack]
name = "ExamplePack"
slug = "ExamplePack"
source = "git"
commit = "pinnedsha"
git_commit_sha = "pinnedsha"
url = "https://example.test/example.git"

[nodepacks.comfyui_controlnet_aux]
name = "comfyui_controlnet_aux"
slug = "comfyui_controlnet_aux"
source = "git"
version = "unknown"
commit = "e8b689a513c3e6b63edc44066560ca5919c0576e"
git_commit_sha = "e8b689a513c3e6b63edc44066560ca5919c0576e"
url = "https://github.com/Fannovel16/comfyui_controlnet_aux.git"
schema_hash = "e485b148824d72ef7af7e90f711eefb511ffe73b25cd1c6053e1e5c7bd3bbd62"
class_schema_sha256 = "e485b148824d72ef7af7e90f711eefb511ffe73b25cd1c6053e1e5c7bd3bbd62"
last_seen_at = "2026-05-20T09:08:36.504684+00:00"
class_set = ["CannyEdgePreprocessor", "DWPreprocessor"]
pip_packages = ["onnxruntime", "opencv-python-headless"]

[nodepacks.rgthree-comfy]
name = "rgthree-comfy"
slug = "rgthree-comfy"
source = "git"
version = "unknown"
commit = "738105af5fb14e96fbecaf406dc356e284797e8c"
git_commit_sha = "738105af5fb14e96fbecaf406dc356e284797e8c"
url = "https://github.com/rgthree/rgthree-comfy.git"
schema_hash = "2b52072e02c59cb05ce83e5c45e1c7fd5b1273fee9b62eaaa0e66a81a4c07872"
class_schema_sha256 = "2b52072e02c59cb05ce83e5c45e1c7fd5b1273fee9b62eaaa0e66a81a4c07872"
last_seen_at = "2026-05-20T09:08:36.504684+00:00"
class_set = ["Any Switch (rgthree)", "Fast Groups Bypasser (rgthree)", "Fast Groups Muter (rgthree)", "GetNode", "Label (rgthree)", "Power Lora Loader (rgthree)", "Seed (rgthree)", "SetNode"]
